{
  "name": "scoutingwebsite",
  "version": "1.0.0",
  "lockfileVersion": 1,
  "requires": true,
  "dependencies": {
    "@onsenui/custom-elements": {
      "version": "1.0.0",
      "resolved": "https://registry.npmjs.org/@onsenui/custom-elements/-/custom-elements-1.0.0.tgz",
      "integrity": "sha512-KhYeDFhQyE6j3xxWqyu3q8KgeuaRGUwDjuHnmS1gRri+OZ6w6CUqYPn6kidZjXz+LkU2dEp/D+BWo+9Qi6nSSQ=="
    },
    "axios": {
      "version": "0.17.1",
      "resolved": "https://registry.npmjs.org/axios/-/axios-0.17.1.tgz",
      "integrity": "sha1-LY4+XQvb1zJ/kbyBT1xXZg+Bgk0=",
      "requires": {
        "follow-redirects": "1.4.1",
        "is-buffer": "1.1.6"
      }
    },
    "core-js": {
      "version": "2.5.3",
      "resolved": "https://registry.npmjs.org/core-js/-/core-js-2.5.3.tgz",
      "integrity": "sha1-isw4NFgk8W2DZbfJtCWRaOjtYD4="
    },
    "follow-redirects": {
      "version": "1.4.1",
      "resolved": "https://registry.npmjs.org/follow-redirects/-/follow-redirects-1.4.1.tgz",
      "integrity": "sha512-uxYePVPogtya1ktGnAAXOacnbIuRMB4dkvqeNz2qTtTQsuzSfbDolV+wMMKxAmCx0bLgAKLbBOkjItMbbkR1vg==",
      "requires": {
        "debug": "3.1.0"
      },
      "dependencies": {
        "debug": {
          "version": "3.1.0",
          "resolved": "https://registry.npmjs.org/debug/-/debug-3.1.0.tgz",
          "integrity": "sha512-OX8XqP7/1a9cqkxYw2yXss15f26NKWBpDXQd0/uK/KPqdQhxbPa994hnzjcE2VqQpDslf55723cKPUOGSmMY3g==",
          "requires": {
            "ms": "2.0.0"
          }
        }
      }
    },
    "font-awesome-animation": {
      "version": "0.2.0",
      "resolved": "https://registry.npmjs.org/font-awesome-animation/-/font-awesome-animation-0.2.0.tgz",
      "integrity": "sha1-pndhRUhZkvwUNepCudaBldFgefE="
    },
    "is-buffer": {
      "version": "1.1.6",
      "resolved": "https://registry.npmjs.org/is-buffer/-/is-buffer-1.1.6.tgz",
      "integrity": "sha512-NcdALwpXkTm5Zvvbk7owOUSvVvBKDgKP5/ewfXEznmQFfs4ZRmanOeKBTjRVjka3QFoN6XJ+9F3USqfHqTaU5w=="
    },
    "ms": {
      "version": "2.0.0",
      "resolved": "https://registry.npmjs.org/ms/-/ms-2.0.0.tgz",
      "integrity": "sha1-VgiurfwAvmwpAd9fmGF4jeDVl8g="
    },
    "onsenui": {
      "version": "2.9.2",
      "resolved": "https://registry.npmjs.org/onsenui/-/onsenui-2.9.2.tgz",
      "integrity": "sha512-3BHk+QRVtaXmSMFQ5bm0iBlRpeAJGMEoc1cYXSN2CiEdXgnLnjAbzVCom64LggdG/OpJ96rXFZuXiKJAhI9HRA==",
      "requires": {
        "@onsenui/custom-elements": "1.0.0",
        "@onsenui/fastclick": "1.1.1",
        "core-js": "2.5.3"
      },
      "dependencies": {
        "@onsenui/fastclick": {
          "version": "1.1.1",
          "resolved": "https://registry.npmjs.org/@onsenui/fastclick/-/fastclick-1.1.1.tgz",
          "integrity": "sha512-S36XgqK9GlW5yrFgNCQhWvb/QM23QmB6eeWcLXv9duHuuNLsqTHBBNSPKJJ2BU66fs2BHgwzBLTRUe29LTJ0kg=="
        }
      }
    }
  }
}
